
Microsoft Visual Studio Solution File, Format Version 12.00
# Visual Studio Version 16
VisualStudioVersion = 16.0.34729.46
MinimumVisualStudioVersion = 10.0.40219.1
Project("{FAE04EC0-301F-11D3-BF4B-00C04F79EFBC}") = "Busmanagemnetsystem", "Busmanagemnetsystem.csproj", "{0BA58610-E1EA-4F62-B29F-20891B107B72}"
EndProject
Global
	GlobalSection(SolutionConfigurationPlatforms) = preSolution
		Debug|Any CPU = Debug|Any CPU
		Release|Any CPU = Release|Any CPU
	EndGlobalSection
	GlobalSection(ProjectConfigurationPlatforms) = postSolution
		{0BA58610-E1EA-4F62-B29F-20891B107B72}.Debug|Any CPU.ActiveCfg = Debug|Any CPU
		{0BA58610-E1EA-4F62-B29F-20891B107B72}.Debug|Any CPU.Build.0 = Debug|Any CPU
		{0BA58610-E1EA-4F62-B29F-20891B107B72}.Release|Any CPU.ActiveCfg = Release|Any CPU
		{0BA58610-E1EA-4F62-B29F-20891B107B72}.Release|Any CPU.Build.0 = Release|Any CPU
	EndGlobalSection
	GlobalSection(SolutionProperties) = preSolution
		HideSolutionNode = FALSE
	EndGlobalSection
	GlobalSection(ExtensibilityGlobals) = postSolution
		SolutionGuid = {599508E6-D94A-441A-A2E3-60939AA18592}
	EndGlobalSection
EndGlobal
